// !$*UTF8*$!
{
	archiveVersion = 1;
	classes = {
	};
	objectVersion = 46;
	objects = {

/* Begin PBXBuildFile section */
		CEE98DD31F4DA57A00FC9367 /* AppDelegate.swift in Sources */ = {isa = PBXBuildFile; fileRef = CEE98DD21F4DA57A00FC9367 /* AppDelegate.swift */; };
		CEE98DD51F4DA57A00FC9367 /* ViewController.swift in Sources */ = {isa = PBXBuildFile; fileRef = CEE98DD41F4DA57A00FC9367 /* ViewController.swift */; };
		CEE98DD81F4DA57A00FC9367 /* Main.storyboard in Resources */ = {isa = PBXBuildFile; fileRef = CEE98DD61F4DA57A00FC9367 /* Main.storyboard */; };
		CEE98DDA1F4DA57A00FC9367 /* Assets.xcassets in Resources */ = {isa = PBXBuildFile; fileRef = CEE98DD91F4DA57A00FC9367 /* Assets.xcassets */; };
		CEE98DDD1F4DA57A00FC9367 /* LaunchScreen.storyboard in Resources */ = {isa = PBXBuildFile; fileRef = CEE98DDB1F4DA57A00FC9367 /* LaunchScreen.storyboard */; };
/* End PBXBuildFile section */

/* Begin PBXContainerItemProxy section */
		CEE98E001F4DAA6500FC9367 /* PBXContainerItemProxy */ = {
			isa = PBXContainerItemProxy;
			containerPortal = CEE98DE81F4DAA6500FC9367 /* Rx.xcodeproj */;
			proxyType = 2;
			remoteGlobalIDString = C8A56AD71AD7424700B4673B;
			remoteInfo = "RxSwift-iOS";
		};
		CEE98E021F4DAA6500FC9367 /* PBXContainerItemProxy */ = {
			isa = PBXContainerItemProxy;
			containerPortal = CEE98DE81F4DAA6500FC9367 /* Rx.xcodeproj */;
			proxyType = 2;
			remoteGlobalIDString = C88BB8711B07E5ED0064D411;
			remoteInfo = "RxSwift-macOS";
		};
		CEE98E041F4DAA6500FC9367 /* PBXContainerItemProxy */ = {
			isa = PBXContainerItemProxy;
			containerPortal = CEE98DE81F4DAA6500FC9367 /* Rx.xcodeproj */;
			proxyType = 2;
			remoteGlobalIDString = D2EA280C1BB9B5A200880ED3;
			remoteInfo = "RxSwift-tvOS";
		};
		CEE98E061F4DAA6500FC9367 /* PBXContainerItemProxy */ = {
			isa = PBXContainerItemProxy;
			containerPortal = CEE98DE81F4DAA6500FC9367 /* Rx.xcodeproj */;
			proxyType = 2;
			remoteGlobalIDString = C8F0C0021BBBFB8B001B112F;
			remoteInfo = "RxSwift-watchOS";
		};
		CEE98E081F4DAA6500FC9367 /* PBXContainerItemProxy */ = {
			isa = PBXContainerItemProxy;
			containerPortal = CEE98DE81F4DAA6500FC9367 /* Rx.xcodeproj */;
			proxyType = 2;
			remoteGlobalIDString = C809396D1B8A71760088E94D;
			remoteInfo = "RxCocoa-iOS";
		};
		CEE98E0A1F4DAA6500FC9367 /* PBXContainerItemProxy */ = {
			isa = PBXContainerItemProxy;
			containerPortal = CEE98DE81F4DAA6500FC9367 /* Rx.xcodeproj */;
			proxyType = 2;
			remoteGlobalIDString = C80939E71B8A71840088E94D;
			remoteInfo = "RxCocoa-macOS";
		};
		CEE98E0C1F4DAA6500FC9367 /* PBXContainerItemProxy */ = {
			isa = PBXContainerItemProxy;
			containerPortal = CEE98DE81F4DAA6500FC9367 /* Rx.xcodeproj */;
			proxyType = 2;
			remoteGlobalIDString = D2138C751BB9BE9800339B5C;
			remoteInfo = "RxCocoa-tvOS";
		};
		CEE98E0E1F4DAA6500FC9367 /* PBXContainerItemProxy */ = {
			isa = PBXContainerItemProxy;
			containerPortal = CEE98DE81F4DAA6500FC9367 /* Rx.xcodeproj */;
			proxyType = 2;
			remoteGlobalIDString = C8F0C04B1BBBFBB9001B112F;
			remoteInfo = "RxCocoa-watchOS";
		};
		CEE98E101F4DAA6500FC9367 /* PBXContainerItemProxy */ = {
			isa = PBXContainerItemProxy;
			containerPortal = CEE98DE81F4DAA6500FC9367 /* Rx.xcodeproj */;
			proxyType = 2;
			remoteGlobalIDString = C8093BC71B8A71F00088E94D;
			remoteInfo = "RxBlocking-iOS";
		};
		CEE98E121F4DAA6500FC9367 /* PBXContainerItemProxy */ = {
			isa = PBXContainerItemProxy;
			containerPortal = CEE98DE81F4DAA6500FC9367 /* Rx.xcodeproj */;
			proxyType = 2;
			remoteGlobalIDString = C8093C451B8A71FC0088E94D;
			remoteInfo = "RxBlocking-macOS";
		};
		CEE98E141F4DAA6500FC9367 /* PBXContainerItemProxy */ = {
			isa = PBXContainerItemProxy;
			containerPortal = CEE98DE81F4DAA6500FC9367 /* Rx.xcodeproj */;
			proxyType = 2;
			remoteGlobalIDString = D2EBEB811BB9B99D003A27DC;
			remoteInfo = "RxBlocking-tvOS";
		};
		CEE98E161F4DAA6500FC9367 /* PBXContainerItemProxy */ = {
			isa = PBXContainerItemProxy;
			containerPortal = CEE98DE81F4DAA6500FC9367 /* Rx.xcodeproj */;
			proxyType = 2;
			remoteGlobalIDString = C8F0C0581BBBFBCE001B112F;
			remoteInfo = "RxBlocking-watchOS";
		};
		CEE98E181F4DAA6500FC9367 /* PBXContainerItemProxy */ = {
			isa = PBXContainerItemProxy;
			containerPortal = CEE98DE81F4DAA6500FC9367 /* Rx.xcodeproj */;
			proxyType = 2;
			remoteGlobalIDString = C88FA50C1C25C44800CCFEA4;
			remoteInfo = "RxTest-iOS";
		};
		CEE98E1A1F4DAA6500FC9367 /* PBXContainerItemProxy */ = {
			isa = PBXContainerItemProxy;
			containerPortal = CEE98DE81F4DAA6500FC9367 /* Rx.xcodeproj */;
			proxyType = 2;
			remoteGlobalIDString = C88FA51D1C25C4B500CCFEA4;
			remoteInfo = "RxTest-macOS";
		};
		CEE98E1C1F4DAA6500FC9367 /* PBXContainerItemProxy */ = {
			isa = PBXContainerItemProxy;
			containerPortal = CEE98DE81F4DAA6500FC9367 /* Rx.xcodeproj */;
			proxyType = 2;
			remoteGlobalIDString = C88FA52E1C25C4C000CCFEA4;
			remoteInfo = "RxTest-tvOS";
		};
		CEE98E1E1F4DAA6500FC9367 /* PBXContainerItemProxy */ = {
			isa = PBXContainerItemProxy;
			containerPortal = CEE98DE81F4DAA6500FC9367 /* Rx.xcodeproj */;
			proxyType = 2;
			remoteGlobalIDString = C88FA53F1C25C4CC00CCFEA4;
			remoteInfo = "RxTest-watchOS";
		};
		CEE98E201F4DAA6500FC9367 /* PBXContainerItemProxy */ = {
			isa = PBXContainerItemProxy;
			containerPortal = CEE98DE81F4DAA6500FC9367 /* Rx.xcodeproj */;
			proxyType = 2;
			remoteGlobalIDString = C83508C31C386F6F0027C24C;
			remoteInfo = "AllTests-iOS";
		};
		CEE98E221F4DAA6500FC9367 /* PBXContainerItemProxy */ = {
			isa = PBXContainerItemProxy;
			containerPortal = CEE98DE81F4DAA6500FC9367 /* Rx.xcodeproj */;
			proxyType = 2;
			remoteGlobalIDString = C83509841C38740E0027C24C;
			remoteInfo = "AllTests-tvOS";
		};
		CEE98E241F4DAA6500FC9367 /* PBXContainerItemProxy */ = {
			isa = PBXContainerItemProxy;
			containerPortal = CEE98DE81F4DAA6500FC9367 /* Rx.xcodeproj */;
			proxyType = 2;
			remoteGlobalIDString = C83509941C38742C0027C24C;
			remoteInfo = "AllTests-macOS";
		};
		CEE98E261F4DAA6500FC9367 /* PBXContainerItemProxy */ = {
			isa = PBXContainerItemProxy;
			containerPortal = CEE98DE81F4DAA6500FC9367 /* Rx.xcodeproj */;
			proxyType = 2;
			remoteGlobalIDString = C85BA04B1C3878740075D68E;
			remoteInfo = Microoptimizations;
		};
		CEE98E281F4DAA6500FC9367 /* PBXContainerItemProxy */ = {
			isa = PBXContainerItemProxy;
			containerPortal = CEE98DE81F4DAA6500FC9367 /* Rx.xcodeproj */;
			proxyType = 2;
			remoteGlobalIDString = C8E8BA551E2C181A00A4AC2C;
			remoteInfo = Benchmarks;
		};
/* End PBXContainerItemProxy section */

/* Begin PBXFileReference section */
		CEE98DCF1F4DA57A00FC9367 /* RxPlayground.app */ = {isa = PBXFileReference; explicitFileType = wrapper.application; includeInIndex = 0; path = RxPlayground.app; sourceTree = BUILT_PRODUCTS_DIR; };
		CEE98DD21F4DA57A00FC9367 /* AppDelegate.swift */ = {isa = PBXFileReference; lastKnownFileType = sourcecode.swift; path = AppDelegate.swift; sourceTree = "<group>"; };
		CEE98DD41F4DA57A00FC9367 /* ViewController.swift */ = {isa = PBXFileReference; lastKnownFileType = sourcecode.swift; path = ViewController.swift; sourceTree = "<group>"; };
		CEE98DD71F4DA57A00FC9367 /* Base */ = {isa = PBXFileReference; lastKnownFileType = file.storyboard; name = Base; path = Base.lproj/Main.storyboard; sourceTree = "<group>"; };
		CEE98DD91F4DA57A00FC9367 /* Assets.xcassets */ = {isa = PBXFileReference; lastKnownFileType = folder.assetcatalog; path = Assets.xcassets; sourceTree = "<group>"; };
		CEE98DDC1F4DA57A00FC9367 /* Base */ = {isa = PBXFileReference; lastKnownFileType = file.storyboard; name = Base; path = Base.lproj/LaunchScreen.storyboard; sourceTree = "<group>"; };
		CEE98DDE1F4DA57A00FC9367 /* Info.plist */ = {isa = PBXFileReference; lastKnownFileType = text.plist.xml; path = Info.plist; sourceTree = "<group>"; };
		CEE98DE81F4DAA6500FC9367 /* Rx.xcodeproj */ = {isa = PBXFileReference; lastKnownFileType = "wrapper.pb-project"; name = Rx.xcodeproj; path = ../RxSwift_Lib/Rx.xcodeproj; sourceTree = "<group>"; };
/* End PBXFileReference section */

/* Begin PBXFrameworksBuildPhase section */
		CEE98DCC1F4DA57A00FC9367 /* Frameworks */ = {
			isa = PBXFrameworksBuildPhase;
			buildActionMask = 2147483647;
			files = (
			);
			runOnlyForDeploymentPostprocessing = 0;
		};
/* End PBXFrameworksBuildPhase section */

/* Begin PBXGroup section */
		CEE98DC61F4DA57A00FC9367 = {
			isa = PBXGroup;
			children = (
				CEE98DE81F4DAA6500FC9367 /* Rx.xcodeproj */,
				CEE98DD11F4DA57A00FC9367 /* RxPlayground */,
				CEE98DD01F4DA57A00FC9367 /* Products */,
			);
			sourceTree = "<group>";
		};
		CEE98DD01F4DA57A00FC9367 /* Products */ = {
			isa = PBXGroup;
			children = (
				CEE98DCF1F4DA57A00FC9367 /* RxPlayground.app */,
			);
			name = Products;
			sourceTree = "<group>";
		};
		CEE98DD11F4DA57A00FC9367 /* RxPlayground */ = {
			isa = PBXGroup;
			children = (
				CEE98DD21F4DA57A00FC9367 /* AppDelegate.swift */,
				CEE98DD41F4DA57A00FC9367 /* ViewController.swift */,
				CEE98DD61F4DA57A00FC9367 /* Main.storyboard */,
				CEE98DD91F4DA57A00FC9367 /* Assets.xcassets */,
				CEE98DDB1F4DA57A00FC9367 /* LaunchScreen.storyboard */,
				CEE98DDE1F4DA57A00FC9367 /* Info.plist */,
			);
			path = RxPlayground;
			sourceTree = "<group>";
		};
		CEE98DE91F4DAA6500FC9367 /* Products */ = {
			isa = PBXGroup;
			children = (
				CEE98E011F4DAA6500FC9367 /* RxSwift.framework */,
				CEE98E031F4DAA6500FC9367 /* RxSwift.framework */,
				CEE98E051F4DAA6500FC9367 /* RxSwift.framework */,
				CEE98E071F4DAA6500FC9367 /* RxSwift.framework */,
				CEE98E091F4DAA6500FC9367 /* RxCocoa.framework */,
				CEE98E0B1F4DAA6500FC9367 /* RxCocoa.framework */,
				CEE98E0D1F4DAA6500FC9367 /* RxCocoa.framework */,
				CEE98E0F1F4DAA6500FC9367 /* RxCocoa.framework */,
				CEE98E111F4DAA6500FC9367 /* RxBlocking.framework */,
				CEE98E131F4DAA6500FC9367 /* RxBlocking.framework */,
				CEE98E151F4DAA6500FC9367 /* RxBlocking.framework */,
				CEE98E171F4DAA6500FC9367 /* RxBlocking.framework */,
				CEE98E191F4DAA6500FC9367 /* RxTest.framework */,
				CEE98E1B1F4DAA6500FC9367 /* RxTest.framework */,
				CEE98E1D1F4DAA6500FC9367 /* RxTest.framework */,
				CEE98E1F1F4DAA6500FC9367 /* RxTest.framework */,
				CEE98E211F4DAA6500FC9367 /* AllTests-iOS.xctest */,
				CEE98E231F4DAA6500FC9367 /* AllTests-tvOS.xctest */,
				CEE98E251F4DAA6500FC9367 /* AllTests-macOS.xctest */,
				CEE98E271F4DAA6500FC9367 /* PerformanceTests.app */,
				CEE98E291F4DAA6500FC9367 /* Benchmarks.xctest */,
			);
			name = Products;
			sourceTree = "<group>";
		};
/* End PBXGroup section */

/* Begin PBXNativeTarget section */
		CEE98DCE1F4DA57A00FC9367 /* RxPlayground */ = {
			isa = PBXNativeTarget;
			buildConfigurationList = CEE98DE11F4DA57A00FC9367 /* Build configuration list for PBXNativeTarget "RxPlayground" */;
			buildPhases = (
				CEE98DCB1F4DA57A00FC9367 /* Sources */,
				CEE98DCC1F4DA57A00FC9367 /* Frameworks */,
				CEE98DCD1F4DA57A00FC9367 /* Resources */,
			);
			buildRules = (
			);
			dependencies = (
			);
			name = RxPlayground;
			productName = RxPlayground;
			productReference = CEE98DCF1F4DA57A00FC9367 /* RxPlayground.app */;
			productType = "com.apple.product-type.application";
		};
/* End PBXNativeTarget section */

/* Begin PBXProject section */
		CEE98DC71F4DA57A00FC9367 /* Project object */ = {
			isa = PBXProject;
			attributes = {
				LastSwiftUpdateCheck = 0830;
				LastUpgradeCheck = 0830;
				ORGANIZATIONNAME = MPO;
				TargetAttributes = {
					CEE98DCE1F4DA57A00FC9367 = {
						CreatedOnToolsVersion = 8.3.3;
						DevelopmentTeam = 73P7R6XXDH;
						ProvisioningStyle = Automatic;
					};
				};
			};
			buildConfigurationList = CEE98DCA1F4DA57A00FC9367 /* Build configuration list for PBXProject "RxPlayground" */;
			compatibilityVersion = "Xcode 3.2";
			developmentRegion = English;
			hasScannedForEncodings = 0;
			knownRegions = (
				en,
				Base,
			);
			mainGroup = CEE98DC61F4DA57A00FC9367;
			productRefGroup = CEE98DD01F4DA57A00FC9367 /* Products */;
			projectDirPath = "";
			projectReferences = (
				{
					ProductGroup = CEE98DE91F4DAA6500FC9367 /* Products */;
					ProjectRef = CEE98DE81F4DAA6500FC9367 /* Rx.xcodeproj */;
				},
			);
			projectRoot = "";
			targets = (
				CEE98DCE1F4DA57A00FC9367 /* RxPlayground */,
			);
		};
/* End PBXProject section */

/* Begin PBXReferenceProxy section */
		CEE98E011F4DAA6500FC9367 /* RxSwift.framework */ = {
			isa = PBXReferenceProxy;
			fileType = wrapper.framework;
			path = RxSwift.framework;
			remoteRef = CEE98E001F4DAA6500FC9367 /* PBXContainerItemProxy */;
			sourceTree = BUILT_PRODUCTS_DIR;
		};
		CEE98E031F4DAA6500FC9367 /* RxSwift.framework */ = {
			isa = PBXReferenceProxy;
			fileType = wrapper.framework;
			path = RxSwift.framework;
			remoteRef = CEE98E021F4DAA6500FC9367 /* PBXContainerItemProxy */;
			sourceTree = BUILT_PRODUCTS_DIR;
		};
		CEE98E051F4DAA6500FC9367 /* RxSwift.framework */ = {
			isa = PBXReferenceProxy;
			fileType = wrapper.framework;
			path = RxSwift.framework;
			remoteRef = CEE98E041F4DAA6500FC9367 /* PBXContainerItemProxy */;
			sourceTree = BUILT_PRODUCTS_DIR;
		};
		CEE98E071F4DAA6500FC9367 /* RxSwift.framework */ = {
			isa = PBXReferenceProxy;
			fileType = wrapper.framework;
			path = RxSwift.framework;
			remoteRef = CEE98E061F4DAA6500FC9367 /* PBXContainerItemProxy */;
			sourceTree = BUILT_PRODUCTS_DIR;
		};
		CEE98E091F4DAA6500FC9367 /* RxCocoa.framework */ = {
			isa = PBXReferenceProxy;
			fileType = wrapper.framework;
			path = RxCocoa.framework;
			remoteRef = CEE98E081F4DAA6500FC9367 /* PBXContainerItemProxy */;
			sourceTree = BUILT_PRODUCTS_DIR;
		};
		CEE98E0B1F4DAA6500FC9367 /* RxCocoa.framework */ = {
			isa = PBXReferenceProxy;
			fileType = wrapper.framework;
			path = RxCocoa.framework;
			remoteRef = CEE98E0A1F4DAA6500FC9367 /* PBXContainerItemProxy */;
			sourceTree = BUILT_PRODUCTS_DIR;
		};
		CEE98E0D1F4DAA6500FC9367 /* RxCocoa.framework */ = {
			isa = PBXReferenceProxy;
			fileType = wrapper.framework;
			path = RxCocoa.framework;
			remoteRef = CEE98E0C1F4DAA6500FC9367 /* PBXContainerItemProxy */;
			sourceTree = BUILT_PRODUCTS_DIR;
		};
		CEE98E0F1F4DAA6500FC9367 /* RxCocoa.framework */ = {
			isa = PBXReferenceProxy;
			fileType = wrapper.framework;
			path = RxCocoa.framework;
			remoteRef = CEE98E0E1F4DAA6500FC9367 /* PBXContainerItemProxy */;
			sourceTree = BUILT_PRODUCTS_DIR;
		};
		CEE98E111F4DAA6500FC9367 /* RxBlocking.framework */ = {
			isa = PBXReferenceProxy;
			fileType = wrapper.framework;
			path = RxBlocking.framework;
			remoteRef = CEE98E101F4DAA6500FC9367 /* PBXContainerItemProxy */;
			sourceTree = BUILT_PRODUCTS_DIR;
		};
		CEE98E131F4DAA6500FC9367 /* RxBlocking.framework */ = {
			isa = PBXReferenceProxy;
			fileType = wrapper.framework;
			path = RxBlocking.framework;
			remoteRef = CEE98E121F4DAA6500FC9367 /* PBXContainerItemProxy */;
			sourceTree = BUILT_PRODUCTS_DIR;
		};
		CEE98E151F4DAA6500FC9367 /* RxBlocking.framework */ = {
			isa = PBXReferenceProxy;
			fileType = wrapper.framework;
			path = RxBlocking.framework;
			remoteRef = CEE98E141F4DAA6500FC9367 /* PBXContainerItemProxy */;
			sourceTree = BUILT_PRODUCTS_DIR;
		};
		CEE98E171F4DAA6500FC9367 /* RxBlocking.framework */ = {
			isa = PBXReferenceProxy;
			fileType = wrapper.framework;
			path = RxBlocking.framework;
			remoteRef = CEE98E161F4DAA6500FC9367 /* PBXContainerItemProxy */;
			sourceTree = BUILT_PRODUCTS_DIR;
		};
		CEE98E191F4DAA6500FC9367 /* RxTest.framework */ = {
			isa = PBXReferenceProxy;
			fileType = wrapper.framework;
			path = RxTest.framework;
			remoteRef = CEE98E181F4DAA6500FC9367 /* PBXContainerItemProxy */;
			sourceTree = BUILT_PRODUCTS_DIR;
		};
		CEE98E1B1F4DAA6500FC9367 /* RxTest.framework */ = {
			isa = PBXReferenceProxy;
			fileType = wrapper.framework;
			path = RxTest.framework;
			remoteRef = CEE98E1A1F4DAA6500FC9367 /* PBXContainerItemProxy */;
			sourceTree = BUILT_PRODUCTS_DIR;
		};
		CEE98E1D1F4DAA6500FC9367 /* RxTest.framework */ = {
			isa = PBXReferenceProxy;
			fileType = wrapper.framework;
			path = RxTest.framework;
			remoteRef = CEE98E1C1F4DAA6500FC9367 /* PBXContainerItemProxy */;
			sourceTree = BUILT_PRODUCTS_DIR;
		};
		CEE98E1F1F4DAA6500FC9367 /* RxTest.framework */ = {
			isa = PBXReferenceProxy;
			fileType = wrapper.framework;
			path = RxTest.framework;
			remoteRef = CEE98E1E1F4DAA6500FC9367 /* PBXContainerItemProxy */;
			sourceTree = BUILT_PRODUCTS_DIR;
		};
		CEE98E211F4DAA6500FC9367 /* AllTests-iOS.xctest */ = {
			isa = PBXReferenceProxy;
			fileType = wrapper.cfbundle;
			path = "AllTests-iOS.xctest";
			remoteRef = CEE98E201F4DAA6500FC9367 /* PBXContainerItemProxy */;
			sourceTree = BUILT_PRODUCTS_DIR;
		};
		CEE98E231F4DAA6500FC9367 /* AllTests-tvOS.xctest */ = {
			isa = PBXReferenceProxy;
			fileType = wrapper.cfbundle;
			path = "AllTests-tvOS.xctest";
			remoteRef = CEE98E221F4DAA6500FC9367 /* PBXContainerItemProxy */;
			sourceTree = BUILT_PRODUCTS_DIR;
		};
		CEE98E251F4DAA6500FC9367 /* AllTests-macOS.xctest */ = {
			isa = PBXReferenceProxy;
			fileType = wrapper.cfbundle;
			path = "AllTests-macOS.xctest";
			remoteRef = CEE98E241F4DAA6500FC9367 /* PBXContainerItemProxy */;
			sourceTree = BUILT_PRODUCTS_DIR;
		};
		CEE98E271F4DAA6500FC9367 /* PerformanceTests.app */ = {
			isa = PBXReferenceProxy;
			fileType = wrapper.application;
			name = PerformanceTests.app;
			path = Microoptimizations.app;
			remoteRef = CEE98E261F4DAA6500FC9367 /* PBXContainerItemProxy */;
			sourceTree = BUILT_PRODUCTS_DIR;
		};
		CEE98E291F4DAA6500FC9367 /* Benchmarks.xctest */ = {
			isa = PBXReferenceProxy;
			fileType = wrapper.cfbundle;
			path = Benchmarks.xctest;
			remoteRef = CEE98E281F4DAA6500FC9367 /* PBXContainerItemProxy */;
			sourceTree = BUILT_PRODUCTS_DIR;
		};
/* End PBXReferenceProxy section */

/* Begin PBXResourcesBuildPhase section */
		CEE98DCD1F4DA57A00FC9367 /* Resources */ = {
			isa = PBXResourcesBuildPhase;
			buildActionMask = 2147483647;
			files = (
				CEE98DDD1F4DA57A00FC9367 /* LaunchScreen.storyboard in Resources */,
				CEE98DDA1F4DA57A00FC9367 /* Assets.xcassets in Resources */,
				CEE98DD81F4DA57A00FC9367 /* Main.storyboard in Resources */,
			);
			runOnlyForDeploymentPostprocessing = 0;
		};
/* End PBXResourcesBuildPhase section */

/* Begin PBXSourcesBuildPhase section */
		CEE98DCB1F4DA57A00FC9367 /* Sources */ = {
			isa = PBXSourcesBuildPhase;
			buildActionMask = 2147483647;
			files = (
				CEE98DD51F4DA57A00FC9367 /* ViewController.swift in Sources */,
				CEE98DD31F4DA57A00FC9367 /* AppDelegate.swift in Sources */,
			);
			runOnlyForDeploymentPostprocessing = 0;
		};
/* End PBXSourcesBuildPhase section */

/* Begin PBXVariantGroup section */
		CEE98DD61F4DA57A00FC9367 /* Main.storyboard */ = {
			isa = PBXVariantGroup;
			children = (
				CEE98DD71F4DA57A00FC9367 /* Base */,
			);
			name = Main.storyboard;
			sourceTree = "<group>";
		};
		CEE98DDB1F4DA57A00FC9367 /* LaunchScreen.storyboard */ = {
			isa = PBXVariantGroup;
			children = (
				CEE98DDC1F4DA57A00FC9367 /* Base */,
			);
			name = LaunchScreen.storyboard;
			sourceTree = "<group>";
		};
/* End PBXVariantGroup section */

/* Begin XCBuildConfiguration section */
		CEE98DDF1F4DA57A00FC9367 /* Debug */ = {
			isa = XCBuildConfiguration;
			buildSettings = {
				ALWAYS_SEARCH_USER_PATHS = NO;
				CLANG_ANALYZER_NONNULL = YES;
				CLANG_ANALYZER_NUMBER_OBJECT_CONVERSION = YES_AGGRESSIVE;
				CLANG_CXX_LANGUAGE_STANDARD = "gnu++0x";
				CLANG_CXX_LIBRARY = "libc++";
				CLANG_ENABLE_MODULES = YES;
				CLANG_ENABLE_OBJC_ARC = YES;
				CLANG_WARN_BOOL_CONVERSION = YES;
				CLANG_WARN_CONSTANT_CONVERSION = YES;
				CLANG_WARN_DIRECT_OBJC_ISA_USAGE = YES_ERROR;
				CLANG_WARN_DOCUMENTATION_COMMENTS = YES;
				CLANG_WARN_EMPTY_BODY = YES;
				CLANG_WARN_ENUM_CONVERSION = YES;
				CLANG_WARN_INFINITE_RECURSION = YES;
				CLANG_WARN_INT_CONVERSION = YES;
				CLANG_WARN_OBJC_ROOT_CLASS = YES_ERROR;
				CLANG_WARN_SUSPICIOUS_MOVE = YES;
				CLANG_WARN_UNREACHABLE_CODE = YES;
				CLANG_WARN__DUPLICATE_METHOD_MATCH = YES;
				"CODE_SIGN_IDENTITY[sdk=iphoneos*]" = "iPhone Developer";
				COPY_PHASE_STRIP = NO;
				DEBUG_INFORMATION_FORMAT = dwarf;
				ENABLE_STRICT_OBJC_MSGSEND = YES;
				ENABLE_TESTABILITY = YES;
				GCC_C_LANGUAGE_STANDARD = gnu99;
				GCC_DYNAMIC_NO_PIC = NO;
				GCC_NO_COMMON_BLOCKS = YES;
				GCC_OPTIMIZATION_LEVEL = 0;
				GCC_PREPROCESSOR_DEFINITIONS = (
					"DEBUG=1",
					"$(inherited)",
				);
				GCC_WARN_64_TO_32_BIT_CONVERSION = YES;
				GCC_WARN_ABOUT_RETURN_TYPE = YES_ERROR;
				GCC_WARN_UNDECLARED_SELECTOR = YES;
				GCC_WARN_UNINITIALIZED_AUTOS = YES_AGGRESSIVE;
				GCC_WARN_UNUSED_FUNCTION = YES;
				GCC_WARN_UNUSED_VARIABLE = YES;
				IPHONEOS_DEPLOYMENT_TARGET = 10.3;
				MTL_ENABLE_DEBUG_INFO = YES;
				ONLY_ACTIVE_ARCH = YES;
				SDKROOT = iphoneos;
				SWIFT_ACTIVE_COMPILATION_CONDITIONS = DEBUG;
				SWIFT_OPTIMIZATION_LEVEL = "-Onone";
				TARGETED_DEVICE_FAMILY = "1,2";
			};
			name = Debug;
		};
		CEE98DE01F4DA57A00FC9367 /* Release */ = {
			isa = XCBuildConfiguration;
			buildSettings = {
				ALWAYS_SEARCH_USER_PATHS = NO;
				CLANG_ANALYZER_NONNULL = YES;
				CLANG_ANALYZER_NUMBER_OBJECT_CONVERSION = YES_AGGRESSIVE;
				CLANG_CXX_LANGUAGE_STANDARD = "gnu++0x";
				CLANG_CXX_LIBRARY = "libc++";
				CLANG_ENABLE_MODULES = YES;
				CLANG_ENABLE_OBJC_ARC = YES;
				CLANG_WARN_BOOL_CONVERSION = YES;
				CLANG_WARN_CONSTANT_CONVERSION = YES;
				CLANG_WARN_DIRECT_OBJC_ISA_USAGE = YES_ERROR;
				CLANG_WARN_DOCUMENTATION_COMMENTS = YES;
				CLANG_WARN_EMPTY_BODY = YES;
				CLANG_WARN_ENUM_CONVERSION = YES;
				CLANG_WARN_INFINITE_RECURSION = YES;
				CLANG_WARN_INT_CONVERSION = YES;
				CLANG_WARN_OBJC_ROOT_CLASS = YES_ERROR;
				CLANG_WARN_SUSPICIOUS_MOVE = YES;
				CLANG_WARN_UNREACHABLE_CODE = YES;
				CLANG_WARN__DUPLICATE_METHOD_MATCH = YES;
				"CODE_SIGN_IDENTITY[sdk=iphoneos*]" = "iPhone Developer";
				COPY_PHASE_STRIP = NO;
				DEBUG_INFORMATION_FORMAT = "dwarf-with-dsym";
				ENABLE_NS_ASSERTIONS = NO;
				ENABLE_STRICT_OBJC_MSGSEND = YES;
				GCC_C_LANGUAGE_STANDARD = gnu99;
				GCC_NO_COMMON_BLOCKS = YES;
				GCC_WARN_64_TO_32_BIT_CONVERSION = YES;
				GCC_WARN_ABOUT_RETURN_TYPE = YES_ERROR;
				GCC_WARN_UNDECLARED_SELECTOR = YES;
				GCC_WARN_UNINITIALIZED_AUTOS = YES_AGGRESSIVE;
				GCC_WARN_UNUSED_FUNCTION = YES;
				GCC_WARN_UNUSED_VARIABLE = YES;
				IPHONEOS_DEPLOYMENT_TARGET = 10.3;
				MTL_ENABLE_DEBUG_INFO = NO;
				SDKROOT = iphoneos;
				SWIFT_OPTIMIZATION_LEVEL = "-Owholemodule";
				TARGETED_DEVICE_FAMILY = "1,2";
				VALIDATE_PRODUCT = YES;
			};
			name = Release;
		};
		CEE98DE21F4DA57A00FC9367 /* Debug */ = {
			isa = XCBuildConfiguration;
			buildSettings = {
				ASSETCATALOG_COMPILER_APPICON_NAME = AppIcon;
				DEVELOPMENT_TEAM = 73P7R6XXDH;
				FRAMEWORK_SEARCH_PATHS = (
					"$(inherited)",
					"$(PROJECT_DIR)/RxPlayground",
				);
				INFOPLIST_FILE = RxPlayground/Info.plist;
				LD_RUNPATH_SEARCH_PATHS = "$(inherited) @executable_path/Frameworks";
				PRODUCT_BUNDLE_IDENTIFIER = MPO.RxPlayground;
				PRODUCT_NAME = "$(TARGET_NAME)";
				SWIFT_VERSION = 3.0;
			};
			name = Debug;
		};
		CEE98DE31F4DA57A00FC9367 /* Release */ = {
			isa = XCBuildConfiguration;
			buildSettings = {
				ASSETCATALOG_COMPILER_APPICON_NAME = AppIcon;
				DEVELOPMENT_TEAM = 73P7R6XXDH;
				FRAMEWORK_SEARCH_PATHS = (
					"$(inherited)",
					"$(PROJECT_DIR)/RxPlayground",
				);
				INFOPLIST_FILE = RxPlayground/Info.plist;
				LD_RUNPATH_SEARCH_PATHS = "$(inherited) @executable_path/Frameworks";
				PRODUCT_BUNDLE_IDENTIFIER = MPO.RxPlayground;
				PRODUCT_NAME = "$(TARGET_NAME)";
				SWIFT_VERSION = 3.0;
			};
			name = Release;
		};
/* End XCBuildConfiguration section */

/* Begin XCConfigurationList section */
		CEE98DCA1F4DA57A00FC9367 /* Build configuration list for PBXProject "RxPlayground" */ = {
			isa = XCConfigurationList;
			buildConfigurations = (
				CEE98DDF1F4DA57A00FC9367 /* Debug */,
				CEE98DE01F4DA57A00FC9367 /* Release */,
			);
			defaultConfigurationIsVisible = 0;
			defaultConfigurationName = Release;
		};
		CEE98DE11F4DA57A00FC9367 /* Build configuration list for PBXNativeTarget "RxPlayground" */ = {
			isa = XCConfigurationList;
			buildConfigurations = (
				CEE98DE21F4DA57A00FC9367 /* Debug */,
				CEE98DE31F4DA57A00FC9367 /* Release */,
			);
			defaultConfigurationIsVisible = 0;
			defaultConfigurationName = Release;
		};
/* End XCConfigurationList section */
	};
	rootObject = CEE98DC71F4DA57A00FC9367 /* Project object */;
}
